github.com/pattyshack/gt v0.0.0-20240810070517-3c29f6d6b2ff h1:2KqPUkkIRvlGAf+vaHXdk+3u+OY4aJiYpvfH3Rlw03Q=
github.com/pattyshack/gt v0.0.0-20240810070517-3c29f6d6b2ff/go.mod h1:Gypv/PFXKmu4auYDN2OHH1LiW/l3zUeYK/kGpJGZQqg=
github.com/pattyshack/gt v0.0.0-20240813061145-b924174b971d h1:ZwenbgbNoFWnq5ax+urvplvTaRF0x1DRrsxhqJMELRE=
github.com/pattyshack/gt v0.0.0-20240813061145-b924174b971d/go.mod h1:Gypv/PFXKmu4auYDN2OHH1LiW/l3zUeYK/kGpJGZQqg=
github.com/pattyshack/gt v0.0.0-20240822073158-d668bbb44342 h1:JLYpmYa2hc0Hio0Pg5Fsiimz4B85QESfOBkVLOjp78M=
github.com/pattyshack/gt v0.0.0-20240822073158-d668bbb44342/go.mod h1:Gypv/PFXKmu4auYDN2OHH1LiW/l3zUeYK/kGpJGZQqg=
github.com/pattyshack/gt v0.0.0-20240826222822-081d314b7180 h1:gz5IvywKCQpplAk4zW9sqN5OBLoq48Y74s4DZsMFyQ4=
github.com/pattyshack/gt v0.0.0-20240826222822-081d314b7180/go.mod h1:Gypv/PFXKmu4auYDN2OHH1LiW/l3zUeYK/kGpJGZQqg=
github.com/pattyshack/gt v0.0.0-20240826224521-b154c42bab9c h1:aD4l1eMAoWCyEMFOYX25ZhUcgskm/I/3ThLAE5uSCkk=
github.com/pattyshack/gt v0.0.0-20240826224521-b154c42bab9c/go.mod h1:Gypv/PFXKmu4auYDN2OHH1LiW/l3zUeYK/kGpJGZQqg=
github.com/pattyshack/gt v0.0.0-20240828192306-30089e8a5c39 h1:lZGUxNcuaXf79unAHPjvh6W0rOJHkoF8oX+vyI8Y0Xo=
github.com/pattyshack/gt v0.0.0-20240828192306-30089e8a5c39/go.mod h1:Gypv/PFXKmu4auYDN2OHH1LiW/l3zUeYK/kGpJGZQqg=
github.com/pattyshack/gt v0.0.0-20240830183945-d77b433db58d h1:HlYBsC5Iz6tB7V91amDQmBuP8VltydSvxkC5NfMM3oI=
github.com/pattyshack/gt v0.0.0-20240830183945-d77b433db58d/go.mod h1:Gypv/PFXKmu4auYDN2OHH1LiW/l3zUeYK/kGpJGZQqg=
github.com/pattyshack/gt v0.0.0-20240831191850-86b230d73066 h1:8Bo0L+2D1KYJm7/ipOlOHPVVV8IOX9e170oB23vneEE=
github.com/pattyshack/gt v0.0.0-20240831191850-86b230d73066/go.mod h1:Gypv/PFXKmu4auYDN2OHH1LiW/l3zUeYK/kGpJGZQqg=
github.com/pattyshack/gt v0.0.0-20240902055207-8c9b45f35584 h1:qP8D0HTvkqamwPbQDJ3ukBSz8Eo7gBdGGiCD8khrco8=
github.com/pattyshack/gt v0.0.0-20240902055207-8c9b45f35584/go.mod h1:Gypv/PFXKmu4auYDN2OHH1LiW/l3zUeYK/kGpJGZQqg=
github.com/pattyshack/gt v0.0.0-20240902193353-f8f516669515 h1:Tjb7Wj0ASMcMjgNNhaIh/KlQCBF194Wupf4eIuUMGCg=
github.com/pattyshack/gt v0.0.0-20240902193353-f8f516669515/go.mod h1:Gypv/PFXKmu4auYDN2OHH1LiW/l3zUeYK/kGpJGZQqg=
github.com/pattyshack/gt v0.0.0-20240902194338-68b9ac9acf48 h1:PDMn4OdPucJgeklHxKEMBL6Epxfpe59raKxjb/hMX80=
github.com/pattyshack/gt v0.0.0-20240902194338-68b9ac9acf48/go.mod h1:Gypv/PFXKmu4auYDN2OHH1LiW/l3zUeYK/kGpJGZQqg=
github.com/pattyshack/gt v0.0.0-20240902194815-938e94e3dcb1 h1:7puTlMMhARPdnPtVJrAW/KM7kuG/pwCgOlQn/+tV+Hk=
github.com/pattyshack/gt v0.0.0-20240902194815-938e94e3dcb1/go.mod h1:Gypv/PFXKmu4auYDN2OHH1LiW/l3zUeYK/kGpJGZQqg=
github.com/pattyshack/gt v0.0.0-20240902203814-18a50866e8ec h1:/1XPMAAAwFNh8dv1pY5bW4sbL4wYfs9YEN9pg3aW8X4=
github.com/pattyshack/gt v0.0.0-20240902203814-18a50866e8ec/go.mod h1:Gypv/PFXKmu4auYDN2OHH1LiW/l3zUeYK/kGpJGZQqg=
github.com/pattyshack/gt v0.0.0-20240902203954-4807476f4783 h1:zk0VDwBpRHszvk6IV07S2TPfmQeGqgPHyvD/YgRsATM=
github.com/pattyshack/gt v0.0.0-20240902203954-4807476f4783/go.mod h1:Gypv/PFXKmu4auYDN2OHH1LiW/l3zUeYK/kGpJGZQqg=
github.com/pattyshack/gt v0.0.0-20240903210859-d7f1389c1b15 h1:IKq76orwsKHvfsWOLhyL56Eczcv4nuQ+f038fzavd1o=
github.com/pattyshack/gt v0.0.0-20240903210859-d7f1389c1b15/go.mod h1:Gypv/PFXKmu4auYDN2OHH1LiW/l3zUeYK/kGpJGZQqg=
github.com/pattyshack/gt v0.0.0-20240904174448-adc64b0f642a h1:s6xnYLImJwkDrJqgohCeQHQyyYBW+MRto1OqXlvjKjg=
github.com/pattyshack/gt v0.0.0-20240904174448-adc64b0f642a/go.mod h1:Gypv/PFXKmu4auYDN2OHH1LiW/l3zUeYK/kGpJGZQqg=
github.com/pattyshack/gt v0.0.0-20240909085219-304fc2223620 h1:TMPEuIko20j5tRIGf6Gu1Xinz35lOIJP3C+A17gzWkU=
github.com/pattyshack/gt v0.0.0-20240909085219-304fc2223620/go.mod h1:Gypv/PFXKmu4auYDN2OHH1LiW/l3zUeYK/kGpJGZQqg=
github.com/pattyshack/gt v0.0.0-20240909180923-dbab1d4324b9 h1:5Z9m1h/6VuNbKC0lTgHs9decHjLy4Xgi7Pb5I4SV+K8=
github.com/pattyshack/gt v0.0.0-20240909180923-dbab1d4324b9/go.mod h1:Gypv/PFXKmu4auYDN2OHH1LiW/l3zUeYK/kGpJGZQqg=
github.com/pattyshack/gt v0.0.0-20240909185326-6ef8c85c8763 h1:C9PoGxZkmv/V0PUKTf08ODD/TcxnvvKVIgj1u7gQXFM=
github.com/pattyshack/gt v0.0.0-20240909185326-6ef8c85c8763/go.mod h1:Gypv/PFXKmu4auYDN2OHH1LiW/l3zUeYK/kGpJGZQqg=
github.com/pattyshack/gt v0.0.0-20240911192625-4a1ff118d9ca h1:iq4voKseJOWRqd2XJ0WvX3nGIrqUJQZoPb5Y/A/PhmI=
github.com/pattyshack/gt v0.0.0-20240911192625-4a1ff118d9ca/go.mod h1:Gypv/PFXKmu4auYDN2OHH1LiW/l3zUeYK/kGpJGZQqg=
github.com/pattyshack/gt v0.0.0-20240917165515-fc7813722125 h1:zw4Tca/QSbvEcw2iH/+0qFokdkEfyRa5OFP78exqJt0=
github.com/pattyshack/gt v0.0.0-20240917165515-fc7813722125/go.mod h1:Gypv/PFXKmu4auYDN2OHH1LiW/l3zUeYK/kGpJGZQqg=
github.com/pattyshack/gt v0.0.0-20240918181102-9e1897089fe0 h1:/GiWZpu8ibd4GTK37EiVYxR4uTJLOQzyR/gCvsg70jA=
github.com/pattyshack/gt v0.0.0-20240918181102-9e1897089fe0/go.mod h1:Gypv/PFXKmu4auYDN2OHH1LiW/l3zUeYK/kGpJGZQqg=
github.com/pattyshack/gt v0.0.0-20240919011752-b2df22812bf2 h1:yTX4K0dIF92n54Mn4iCqrUiV3AYymKdKC3SptkqXeRU=
github.com/pattyshack/gt v0.0.0-20240919011752-b2df22812bf2/go.mod h1:Gypv/PFXKmu4auYDN2OHH1LiW/l3zUeYK/kGpJGZQqg=
github.com/pattyshack/gt v0.0.0-20240919012309-55601c8fd6ed h1:H3PWvjZLta8q9GTaXghVtdGoJ2hqoLf8wA0ESmzpBKI=
github.com/pattyshack/gt v0.0.0-20240919012309-55601c8fd6ed/go.mod h1:Gypv/PFXKmu4auYDN2OHH1LiW/l3zUeYK/kGpJGZQqg=
github.com/pattyshack/gt v0.0.0-20240919161121-556486592024 h1:gjA+aPclmSvyvd2ZvsZmguGmLpnSSobAD4mWHeysvWI=
github.com/pattyshack/gt v0.0.0-20240919161121-556486592024/go.mod h1:Gypv/PFXKmu4auYDN2OHH1LiW/l3zUeYK/kGpJGZQqg=
gopkg.in/check.v1 v0.0.0-20161208181325-20d25e280405 h1:yhCVgyC4o1eVCa2tZl7eS0r+SDo693bJlVdllGtEeKM=
gopkg.in/check.v1 v0.0.0-20161208181325-20d25e280405/go.mod h1:Co6ibVJAznAaIkqp8huTwlJQCZ016jof/cbN4VW5Yz0=
gopkg.in/yaml.v3 v3.0.1 h1:fxVm/GzAzEWqLHuvctI91KS9hhNmmWOoWu0XTYJS7CA=
gopkg.in/yaml.v3 v3.0.1/go.mod h1:K4uyk7z7BCEPqu6E+C64Yfv1cQ7kz7rIZviUmN+EgEM=
